dependencies:
- name: postgresql
  repository: oci://registry-1.docker.io/bitnamicharts
  version: 16.6.3
- name: redis
  repository: oci://registry-1.docker.io/bitnamicharts
  version: 20.13.4
digest: sha256:88ca4b04af0313c7789784b8aeaff91ac319557a4b562e23204811fc00f209d2
generated: "2025-05-05T20:33:01.414934553+02:00"
